<?xml version="1.0" encoding="utf-8"?>
<Project ToolsVersion="4.0" xmlns="http://schemas.microsoft.com/developer/msbuild/2003">
  <ItemGroup>
    <Filter Include="Source Files">
      <UniqueIdentifier>{4FC737F1-C7A5-4376-A066-2A32D752A2FF}</UniqueIdentifier>
      <Extensions>cpp;c;cc;cxx;def;odl;idl;hpj;bat;asm;asmx</Extensions>
    </Filter>
    <Filter Include="Header Files">
      <UniqueIdentifier>{93995380-89BD-4b04-88EB-625FBE52EBFB}</UniqueIdentifier>
      <Extensions>h;hh;hpp;hxx;hm;inl;inc;ipp;xsd</Extensions>
    </Filter>
    <Filter Include="Resource Files">
      <UniqueIdentifier>{67DA6AB6-F800-4c08-8B7A-83BB121AAD01}</UniqueIdentifier>
      <Extensions>rc;ico;cur;bmp;dlg;rc2;rct;bin;rgs;gif;jpg;jpeg;jpe;resx;tiff;tif;png;wav;mfcribbon-ms</Extensions>
    </Filter>
  </ItemGroup>
  <ItemGroup>
    <ClCompile Include="Source.cpp">
      <Filter>Source Files</Filter>
    </ClCompile>
  </ItemGroup>
  <ItemGroup>
    <ClInclude Include="Crypto\3way.h">
      <Filter>Header Files</Filter>
    </ClInclude>
    <ClInclude Include="Crypto\adler32.h">
      <Filter>Header Files</Filter>
    </ClInclude>
    <ClInclude Include="Crypto\adv_simd.h">
      <Filter>Header Files</Filter>
    </ClInclude>
    <ClInclude Include="Crypto\aes.h">
      <Filter>Header Files</Filter>
    </ClInclude>
    <ClInclude Include="Crypto\aes_armv4.h">
      <Filter>Header Files</Filter>
    </ClInclude>
    <ClInclude Include="Crypto\algebra.h">
      <Filter>Header Files</Filter>
    </ClInclude>
    <ClInclude Include="Crypto\algparam.h">
      <Filter>Header Files</Filter>
    </ClInclude>
    <ClInclude Include="Crypto\arc4.h">
      <Filter>Header Files</Filter>
    </ClInclude>
    <ClInclude Include="Crypto\argnames.h">
      <Filter>Header Files</Filter>
    </ClInclude>
    <ClInclude Include="Crypto\aria.h">
      <Filter>Header Files</Filter>
    </ClInclude>
    <ClInclude Include="Crypto\arm_simd.h">
      <Filter>Header Files</Filter>
    </ClInclude>
    <ClInclude Include="Crypto\asn.h">
      <Filter>Header Files</Filter>
    </ClInclude>
    <ClInclude Include="Crypto\authenc.h">
      <Filter>Header Files</Filter>
    </ClInclude>
    <ClInclude Include="Crypto\base32.h">
      <Filter>Header Files</Filter>
    </ClInclude>
    <ClInclude Include="Crypto\base64.h">
      <Filter>Header Files</Filter>
    </ClInclude>
    <ClInclude Include="Crypto\basecode.h">
      <Filter>Header Files</Filter>
    </ClInclude>
    <ClInclude Include="Crypto\bench.h">
      <Filter>Header Files</Filter>
    </ClInclude>
    <ClInclude Include="Crypto\blake2.h">
      <Filter>Header Files</Filter>
    </ClInclude>
    <ClInclude Include="Crypto\blowfish.h">
      <Filter>Header Files</Filter>
    </ClInclude>
    <ClInclude Include="Crypto\blumshub.h">
      <Filter>Header Files</Filter>
    </ClInclude>
    <ClInclude Include="Crypto\camellia.h">
      <Filter>Header Files</Filter>
    </ClInclude>
    <ClInclude Include="Crypto\cast.h">
      <Filter>Header Files</Filter>
    </ClInclude>
    <ClInclude Include="Crypto\cbcmac.h">
      <Filter>Header Files</Filter>
    </ClInclude>
    <ClInclude Include="Crypto\ccm.h">
      <Filter>Header Files</Filter>
    </ClInclude>
    <ClInclude Include="Crypto\chacha.h">
      <Filter>Header Files</Filter>
    </ClInclude>
    <ClInclude Include="Crypto\chachapoly.h">
      <Filter>Header Files</Filter>
    </ClInclude>
    <ClInclude Include="Crypto\cham.h">
      <Filter>Header Files</Filter>
    </ClInclude>
    <ClInclude Include="Crypto\channels.h">
      <Filter>Header Files</Filter>
    </ClInclude>
    <ClInclude Include="Crypto\cmac.h">
      <Filter>Header Files</Filter>
    </ClInclude>
    <ClInclude Include="Crypto\config.h">
      <Filter>Header Files</Filter>
    </ClInclude>
    <ClInclude Include="Crypto\cpu.h">
      <Filter>Header Files</Filter>
    </ClInclude>
    <ClInclude Include="Crypto\crc.h">
      <Filter>Header Files</Filter>
    </ClInclude>
    <ClInclude Include="Crypto\cryptlib.h">
      <Filter>Header Files</Filter>
    </ClInclude>
    <ClInclude Include="Crypto\darn.h">
      <Filter>Header Files</Filter>
    </ClInclude>
    <ClInclude Include="Crypto\default.h">
      <Filter>Header Files</Filter>
    </ClInclude>
    <ClInclude Include="Crypto\des.h">
      <Filter>Header Files</Filter>
    </ClInclude>
    <ClInclude Include="Crypto\dh.h">
      <Filter>Header Files</Filter>
    </ClInclude>
    <ClInclude Include="Crypto\dh2.h">
      <Filter>Header Files</Filter>
    </ClInclude>
    <ClInclude Include="Crypto\dll.h">
      <Filter>Header Files</Filter>
    </ClInclude>
    <ClInclude Include="Crypto\dmac.h">
      <Filter>Header Files</Filter>
    </ClInclude>
    <ClInclude Include="Crypto\donna.h">
      <Filter>Header Files</Filter>
    </ClInclude>
    <ClInclude Include="Crypto\donna_32.h">
      <Filter>Header Files</Filter>
    </ClInclude>
    <ClInclude Include="Crypto\donna_64.h">
      <Filter>Header Files</Filter>
    </ClInclude>
    <ClInclude Include="Crypto\donna_sse.h">
      <Filter>Header Files</Filter>
    </ClInclude>
    <ClInclude Include="Crypto\drbg.h">
      <Filter>Header Files</Filter>
    </ClInclude>
    <ClInclude Include="Crypto\dsa.h">
      <Filter>Header Files</Filter>
    </ClInclude>
    <ClInclude Include="Crypto\eax.h">
      <Filter>Header Files</Filter>
    </ClInclude>
    <ClInclude Include="Crypto\ec2n.h">
      <Filter>Header Files</Filter>
    </ClInclude>
    <ClInclude Include="Crypto\eccrypto.h">
      <Filter>Header Files</Filter>
    </ClInclude>
    <ClInclude Include="Crypto\ecp.h">
      <Filter>Header Files</Filter>
    </ClInclude>
    <ClInclude Include="Crypto\ecpoint.h">
      <Filter>Header Files</Filter>
    </ClInclude>
    <ClInclude Include="Crypto\elgamal.h">
      <Filter>Header Files</Filter>
    </ClInclude>
    <ClInclude Include="Crypto\emsa2.h">
      <Filter>Header Files</Filter>
    </ClInclude>
    <ClInclude Include="Crypto\eprecomp.h">
      <Filter>Header Files</Filter>
    </ClInclude>
    <ClInclude Include="Crypto\esign.h">
      <Filter>Header Files</Filter>
    </ClInclude>
    <ClInclude Include="Crypto\factory.h">
      <Filter>Header Files</Filter>
    </ClInclude>
    <ClInclude Include="Crypto\fhmqv.h">
      <Filter>Header Files</Filter>
    </ClInclude>
    <ClInclude Include="Crypto\files.h">
      <Filter>Header Files</Filter>
    </ClInclude>
    <ClInclude Include="Crypto\filters.h">
      <Filter>Header Files</Filter>
    </ClInclude>
    <ClInclude Include="Crypto\fips140.h">
      <Filter>Header Files</Filter>
    </ClInclude>
    <ClInclude Include="Crypto\fltrimpl.h">
      <Filter>Header Files</Filter>
    </ClInclude>
    <ClInclude Include="Crypto\gcm.h">
      <Filter>Header Files</Filter>
    </ClInclude>
    <ClInclude Include="Crypto\gf2_32.h">
      <Filter>Header Files</Filter>
    </ClInclude>
    <ClInclude Include="Crypto\gf2n.h">
      <Filter>Header Files</Filter>
    </ClInclude>
    <ClInclude Include="Crypto\gf256.h">
      <Filter>Header Files</Filter>
    </ClInclude>
    <ClInclude Include="Crypto\gfpcrypt.h">
      <Filter>Header Files</Filter>
    </ClInclude>
    <ClInclude Include="Crypto\gost.h">
      <Filter>Header Files</Filter>
    </ClInclude>
    <ClInclude Include="Crypto\gzip.h">
      <Filter>Header Files</Filter>
    </ClInclude>
    <ClInclude Include="Crypto\hashfwd.h">
      <Filter>Header Files</Filter>
    </ClInclude>
    <ClInclude Include="Crypto\hc128.h">
      <Filter>Header Files</Filter>
    </ClInclude>
    <ClInclude Include="Crypto\hc256.h">
      <Filter>Header Files</Filter>
    </ClInclude>
    <ClInclude Include="Crypto\hex.h">
      <Filter>Header Files</Filter>
    </ClInclude>
    <ClInclude Include="Crypto\hight.h">
      <Filter>Header Files</Filter>
    </ClInclude>
    <ClInclude Include="Crypto\hkdf.h">
      <Filter>Header Files</Filter>
    </ClInclude>
    <ClInclude Include="Crypto\hmac.h">
      <Filter>Header Files</Filter>
    </ClInclude>
    <ClInclude Include="Crypto\hmqv.h">
      <Filter>Header Files</Filter>
    </ClInclude>
    <ClInclude Include="Crypto\hrtimer.h">
      <Filter>Header Files</Filter>
    </ClInclude>
    <ClInclude Include="Crypto\ida.h">
      <Filter>Header Files</Filter>
    </ClInclude>
    <ClInclude Include="Crypto\idea.h">
      <Filter>Header Files</Filter>
    </ClInclude>
    <ClInclude Include="Crypto\integer.h">
      <Filter>Header Files</Filter>
    </ClInclude>
    <ClInclude Include="Crypto\iterhash.h">
      <Filter>Header Files</Filter>
    </ClInclude>
    <ClInclude Include="Crypto\kalyna.h">
      <Filter>Header Files</Filter>
    </ClInclude>
    <ClInclude Include="Crypto\keccak.h">
      <Filter>Header Files</Filter>
    </ClInclude>
    <ClInclude Include="Crypto\lea.h">
      <Filter>Header Files</Filter>
    </ClInclude>
    <ClInclude Include="Crypto\lubyrack.h">
      <Filter>Header Files</Filter>
    </ClInclude>
    <ClInclude Include="Crypto\luc.h">
      <Filter>Header Files</Filter>
    </ClInclude>
    <ClInclude Include="Crypto\mars.h">
      <Filter>Header Files</Filter>
    </ClInclude>
    <ClInclude Include="Crypto\md2.h">
      <Filter>Header Files</Filter>
    </ClInclude>
    <ClInclude Include="Crypto\md4.h">
      <Filter>Header Files</Filter>
    </ClInclude>
    <ClInclude Include="Crypto\md5.h">
      <Filter>Header Files</Filter>
    </ClInclude>
    <ClInclude Include="Crypto\mdc.h">
      <Filter>Header Files</Filter>
    </ClInclude>
    <ClInclude Include="Crypto\mersenne.h">
      <Filter>Header Files</Filter>
    </ClInclude>
    <ClInclude Include="Crypto\misc.h">
      <Filter>Header Files</Filter>
    </ClInclude>
    <ClInclude Include="Crypto\modarith.h">
      <Filter>Header Files</Filter>
    </ClInclude>
    <ClInclude Include="Crypto\modes.h">
      <Filter>Header Files</Filter>
    </ClInclude>
    <ClInclude Include="Crypto\modexppc.h">
      <Filter>Header Files</Filter>
    </ClInclude>
    <ClInclude Include="Crypto\mqueue.h">
      <Filter>Header Files</Filter>
    </ClInclude>
    <ClInclude Include="Crypto\mqv.h">
      <Filter>Header Files</Filter>
    </ClInclude>
    <ClInclude Include="Crypto\naclite.h">
      <Filter>Header Files</Filter>
    </ClInclude>
    <ClInclude Include="Crypto\nbtheory.h">
      <Filter>Header Files</Filter>
    </ClInclude>
    <ClInclude Include="Crypto\nr.h">
      <Filter>Header Files</Filter>
    </ClInclude>
    <ClInclude Include="Crypto\oaep.h">
      <Filter>Header Files</Filter>
    </ClInclude>
    <ClInclude Include="Crypto\oids.h">
      <Filter>Header Files</Filter>
    </ClInclude>
    <ClInclude Include="Crypto\osrng.h">
      <Filter>Header Files</Filter>
    </ClInclude>
    <ClInclude Include="Crypto\ossig.h">
      <Filter>Header Files</Filter>
    </ClInclude>
    <ClInclude Include="Crypto\padlkrng.h">
      <Filter>Header Files</Filter>
    </ClInclude>
    <ClInclude Include="Crypto\panama.h">
      <Filter>Header Files</Filter>
    </ClInclude>
    <ClInclude Include="Crypto\pch.h">
      <Filter>Header Files</Filter>
    </ClInclude>
    <ClInclude Include="Crypto\pkcspad.h">
      <Filter>Header Files</Filter>
    </ClInclude>
    <ClInclude Include="Crypto\poly1305.h">
      <Filter>Header Files</Filter>
    </ClInclude>
    <ClInclude Include="Crypto\polynomi.h">
      <Filter>Header Files</Filter>
    </ClInclude>
    <ClInclude Include="Crypto\ppc_simd.h">
      <Filter>Header Files</Filter>
    </ClInclude>
    <ClInclude Include="Crypto\pssr.h">
      <Filter>Header Files</Filter>
    </ClInclude>
    <ClInclude Include="Crypto\pubkey.h">
      <Filter>Header Files</Filter>
    </ClInclude>
    <ClInclude Include="Crypto\pwdbased.h">
      <Filter>Header Files</Filter>
    </ClInclude>
    <ClInclude Include="Crypto\queue.h">
      <Filter>Header Files</Filter>
    </ClInclude>
    <ClInclude Include="Crypto\rabbit.h">
      <Filter>Header Files</Filter>
    </ClInclude>
    <ClInclude Include="Crypto\rabin.h">
      <Filter>Header Files</Filter>
    </ClInclude>
    <ClInclude Include="Crypto\randpool.h">
      <Filter>Header Files</Filter>
    </ClInclude>
    <ClInclude Include="Crypto\rc2.h">
      <Filter>Header Files</Filter>
    </ClInclude>
    <ClInclude Include="Crypto\rc5.h">
      <Filter>Header Files</Filter>
    </ClInclude>
    <ClInclude Include="Crypto\rc6.h">
      <Filter>Header Files</Filter>
    </ClInclude>
    <ClInclude Include="Crypto\rdrand.h">
      <Filter>Header Files</Filter>
    </ClInclude>
    <ClInclude Include="Crypto\resource.h">
      <Filter>Header Files</Filter>
    </ClInclude>
    <ClInclude Include="Crypto\rijndael.h">
      <Filter>Header Files</Filter>
    </ClInclude>
    <ClInclude Include="Crypto\ripemd.h">
      <Filter>Header Files</Filter>
    </ClInclude>
    <ClInclude Include="Crypto\rng.h">
      <Filter>Header Files</Filter>
    </ClInclude>
    <ClInclude Include="Crypto\rsa.h">
      <Filter>Header Files</Filter>
    </ClInclude>
    <ClInclude Include="Crypto\rw.h">
      <Filter>Header Files</Filter>
    </ClInclude>
    <ClInclude Include="Crypto\safer.h">
      <Filter>Header Files</Filter>
    </ClInclude>
    <ClInclude Include="Crypto\salsa.h">
      <Filter>Header Files</Filter>
    </ClInclude>
    <ClInclude Include="Crypto\scrypt.h">
      <Filter>Header Files</Filter>
    </ClInclude>
    <ClInclude Include="Crypto\seal.h">
      <Filter>Header Files</Filter>
    </ClInclude>
    <ClInclude Include="Crypto\secblock.h">
      <Filter>Header Files</Filter>
    </ClInclude>
    <ClInclude Include="Crypto\seckey.h">
      <Filter>Header Files</Filter>
    </ClInclude>
    <ClInclude Include="Crypto\seed.h">
      <Filter>Header Files</Filter>
    </ClInclude>
    <ClInclude Include="Crypto\serpent.h">
      <Filter>Header Files</Filter>
    </ClInclude>
    <ClInclude Include="Crypto\serpentp.h">
      <Filter>Header Files</Filter>
    </ClInclude>
    <ClInclude Include="Crypto\sha.h">
      <Filter>Header Files</Filter>
    </ClInclude>
    <ClInclude Include="Crypto\sha3.h">
      <Filter>Header Files</Filter>
    </ClInclude>
    <ClInclude Include="Crypto\shacal2.h">
      <Filter>Header Files</Filter>
    </ClInclude>
    <ClInclude Include="Crypto\shake.h">
      <Filter>Header Files</Filter>
    </ClInclude>
    <ClInclude Include="Crypto\shark.h">
      <Filter>Header Files</Filter>
    </ClInclude>
    <ClInclude Include="Crypto\simeck.h">
      <Filter>Header Files</Filter>
    </ClInclude>
    <ClInclude Include="Crypto\simon.h">
      <Filter>Header Files</Filter>
    </ClInclude>
    <ClInclude Include="Crypto\simple.h">
      <Filter>Header Files</Filter>
    </ClInclude>
    <ClInclude Include="Crypto\siphash.h">
      <Filter>Header Files</Filter>
    </ClInclude>
    <ClInclude Include="Crypto\skipjack.h">
      <Filter>Header Files</Filter>
    </ClInclude>
    <ClInclude Include="Crypto\sm3.h">
      <Filter>Header Files</Filter>
    </ClInclude>
    <ClInclude Include="Crypto\sm4.h">
      <Filter>Header Files</Filter>
    </ClInclude>
    <ClInclude Include="Crypto\smartptr.h">
      <Filter>Header Files</Filter>
    </ClInclude>
    <ClInclude Include="Crypto\sosemanuk.h">
      <Filter>Header Files</Filter>
    </ClInclude>
    <ClInclude Include="Crypto\speck.h">
      <Filter>Header Files</Filter>
    </ClInclude>
    <ClInclude Include="Crypto\square.h">
      <Filter>Header Files</Filter>
    </ClInclude>
    <ClInclude Include="Crypto\stdcpp.h">
      <Filter>Header Files</Filter>
    </ClInclude>
    <ClInclude Include="Crypto\strciphr.h">
      <Filter>Header Files</Filter>
    </ClInclude>
    <ClInclude Include="Crypto\tea.h">
      <Filter>Header Files</Filter>
    </ClInclude>
    <ClInclude Include="Crypto\threefish.h">
      <Filter>Header Files</Filter>
    </ClInclude>
    <ClInclude Include="Crypto\tiger.h">
      <Filter>Header Files</Filter>
    </ClInclude>
    <ClInclude Include="Crypto\trap.h">
      <Filter>Header Files</Filter>
    </ClInclude>
    <ClInclude Include="Crypto\trunhash.h">
      <Filter>Header Files</Filter>
    </ClInclude>
    <ClInclude Include="Crypto\ttmac.h">
      <Filter>Header Files</Filter>
    </ClInclude>
    <ClInclude Include="Crypto\tweetnacl.h">
      <Filter>Header Files</Filter>
    </ClInclude>
    <ClInclude Include="Crypto\twofish.h">
      <Filter>Header Files</Filter>
    </ClInclude>
    <ClInclude Include="Crypto\validate.h">
      <Filter>Header Files</Filter>
    </ClInclude>
    <ClInclude Include="Crypto\vmac.h">
      <Filter>Header Files</Filter>
    </ClInclude>
    <ClInclude Include="Crypto\wake.h">
      <Filter>Header Files</Filter>
    </ClInclude>
    <ClInclude Include="Crypto\whrlpool.h">
      <Filter>Header Files</Filter>
    </ClInclude>
    <ClInclude Include="Crypto\words.h">
      <Filter>Header Files</Filter>
    </ClInclude>
    <ClInclude Include="Crypto\xed25519.h">
      <Filter>Header Files</Filter>
    </ClInclude>
    <ClInclude Include="Crypto\xtr.h">
      <Filter>Header Files</Filter>
    </ClInclude>
    <ClInclude Include="Crypto\xtrcrypt.h">
      <Filter>Header Files</Filter>
    </ClInclude>
    <ClInclude Include="Crypto\zdeflate.h">
      <Filter>Header Files</Filter>
    </ClInclude>
    <ClInclude Include="Crypto\zinflate.h">
      <Filter>Header Files</Filter>
    </ClInclude>
    <ClInclude Include="Crypto\zlib.h">
      <Filter>Header Files</Filter>
    </ClInclude>
  </ItemGroup>
</Project>